<?xml version="1.0" encoding="utf-8"?>
<Project ToolsVersion="4.0" xmlns="http://schemas.microsoft.com/developer/msbuild/2003">
  <ItemGroup>
    <ClCompile Include="Apple.cpp" />
    <ClCompile Include="ApplePlayerController.cpp" />
    <ClCompile Include="Bullet.cpp" />
    <ClCompile Include="Button.cpp" />
    <ClCompile Include="Enemy.cpp" />
    <ClCompile Include="Level1.cpp" />
    <ClCompile Include="main.cpp" />
    <ClCompile Include="MainMenu.cpp" />
    <ClCompile Include="Player.cpp" />
    <ClCompile Include="Timer.cpp" />
    <ClCompile Include="PathfindingTest.cpp" />
  </ItemGroup>
  <ItemGroup>
    <ClInclude Include="Apple.h" />
    <ClInclude Include="ApplePlayerController.h" />
    <ClInclude Include="Bullet.h" />
    <ClInclude Include="Button.h" />
    <ClInclude Include="Enemy.h" />
    <ClInclude Include="Level1.h" />
    <ClInclude Include="MainMenu.h" />
    <ClInclude Include="Player.h" />
    <ClInclude Include="Timer.h" />
    <ClInclude Include="PathfindingTest.h" />
  </ItemGroup>
</Project>