<?xml version="1.0" encoding="utf-8"?>
<Project ToolsVersion="4.0" xmlns="http://schemas.microsoft.com/developer/msbuild/2003">
  <ItemGroup>
    <Filter Include="public">
      <UniqueIdentifier>{e5acab1a-7977-4971-9153-823ca7808060}</UniqueIdentifier>
    </Filter>
    <Filter Include="private">
      <UniqueIdentifier>{ef1eb12c-bd26-47a9-a45b-afcb8b0ee91c}</UniqueIdentifier>
    </Filter>
  </ItemGroup>
  <ItemGroup>
    <ClInclude Include="public\test.h">
      <Filter>public</Filter>
    </ClInclude>
    <ClInclude Include="Private\includes.h">
      <Filter>private</Filter>
    </ClInclude>
  </ItemGroup>
  <ItemGroup>
    <ClCompile Include="private\test.cpp">
      <Filter>private</Filter>
    </ClCompile>
  </ItemGroup>
</Project>